// !$*UTF8*$!
{
	archiveVersion = 1;
	classes = {
	};
	objectVersion = 50;
	objects = {

/* Begin PBXBuildFile section */
		AC3D347022F9799B00449249 /* AppDelegate.swift in Sources */ = {isa = PBXBuildFile; fileRef = AC3D346F22F9799B00449249 /* AppDelegate.swift */; };
		AC3D347222F9799B00449249 /* ViewController.swift in Sources */ = {isa = PBXBuildFile; fileRef = AC3D347122F9799B00449249 /* ViewController.swift */; };
		AC3D347522F9799B00449249 /* Main.storyboard in Resources */ = {isa = PBXBuildFile; fileRef = AC3D347322F9799B00449249 /* Main.storyboard */; };
		AC3D347722F9799C00449249 /* Assets.xcassets in Resources */ = {isa = PBXBuildFile; fileRef = AC3D347622F9799C00449249 /* Assets.xcassets */; };
		AC3D347A22F9799C00449249 /* LaunchScreen.storyboard in Resources */ = {isa = PBXBuildFile; fileRef = AC3D347822F9799C00449249 /* LaunchScreen.storyboard */; };
		AC3D348522F9799C00449249 /* URLBuilderTests.swift in Sources */ = {isa = PBXBuildFile; fileRef = AC3D348422F9799C00449249 /* URLBuilderTests.swift */; };
		AC3D349022F9799C00449249 /* URLBuilderUITests.swift in Sources */ = {isa = PBXBuildFile; fileRef = AC3D348F22F9799C00449249 /* URLBuilderUITests.swift */; };
/* End PBXBuildFile section */

/* Begin PBXContainerItemProxy section */
		AC3D348122F9799C00449249 /* PBXContainerItemProxy */ = {
			isa = PBXContainerItemProxy;
			containerPortal = AC3D346422F9799B00449249 /* Project object */;
			proxyType = 1;
			remoteGlobalIDString = AC3D346B22F9799B00449249;
			remoteInfo = URLBuilder;
		};
		AC3D348C22F9799C00449249 /* PBXContainerItemProxy */ = {
			isa = PBXContainerItemProxy;
			containerPortal = AC3D346422F9799B00449249 /* Project object */;
			proxyType = 1;
			remoteGlobalIDString = AC3D346B22F9799B00449249;
			remoteInfo = URLBuilder;
		};
/* End PBXContainerItemProxy section */

/* Begin PBXFileReference section */
		AC3D346C22F9799B00449249 /* URLBuilder.app */ = {isa = PBXFileReference; explicitFileType = wrapper.application; includeInIndex = 0; path = URLBuilder.app; sourceTree = BUILT_PRODUCTS_DIR; };
		AC3D346F22F9799B00449249 /* AppDelegate.swift */ = {isa = PBXFileReference; lastKnownFileType = sourcecode.swift; path = AppDelegate.swift; sourceTree = "<group>"; };
		AC3D347122F9799B00449249 /* ViewController.swift */ = {isa = PBXFileReference; lastKnownFileType = sourcecode.swift; path = ViewController.swift; sourceTree = "<group>"; };
		AC3D347422F9799B00449249 /* Base */ = {isa = PBXFileReference; lastKnownFileType = file.storyboard; name = Base; path = Base.lproj/Main.storyboard; sourceTree = "<group>"; };
		AC3D347622F9799C00449249 /* Assets.xcassets */ = {isa = PBXFileReference; lastKnownFileType = folder.assetcatalog; path = Assets.xcassets; sourceTree = "<group>"; };
		AC3D347922F9799C00449249 /* Base */ = {isa = PBXFileReference; lastKnownFileType = file.storyboard; name = Base; path = Base.lproj/LaunchScreen.storyboard; sourceTree = "<group>"; };
		AC3D347B22F9799C00449249 /* Info.plist */ = {isa = PBXFileReference; lastKnownFileType = text.plist.xml; path = Info.plist; sourceTree = "<group>"; };
		AC3D348022F9799C00449249 /* URLBuilderTests.xctest */ = {isa = PBXFileReference; explicitFileType = wrapper.cfbundle; includeInIndex = 0; path = URLBuilderTests.xctest; sourceTree = BUILT_PRODUCTS_DIR; };
		AC3D348422F9799C00449249 /* URLBuilderTests.swift */ = {isa = PBXFileReference; lastKnownFileType = sourcecode.swift; path = URLBuilderTests.swift; sourceTree = "<group>"; };
		AC3D348622F9799C00449249 /* Info.plist */ = {isa = PBXFileReference; lastKnownFileType = text.plist.xml; path = Info.plist; sourceTree = "<group>"; };
		AC3D348B22F9799C00449249 /* URLBuilderUITests.xctest */ = {isa = PBXFileReference; explicitFileType = wrapper.cfbundle; includeInIndex = 0; path = URLBuilderUITests.xctest; sourceTree = BUILT_PRODUCTS_DIR; };
		AC3D348F22F9799C00449249 /* URLBuilderUITests.swift */ = {isa = PBXFileReference; lastKnownFileType = sourcecode.swift; path = URLBuilderUITests.swift; sourceTree = "<group>"; };
		AC3D349122F9799C00449249 /* Info.plist */ = {isa = PBXFileReference; lastKnownFileType = text.plist.xml; path = Info.plist; sourceTree = "<group>"; };
/* End PBXFileReference section */

/* Begin PBXFrameworksBuildPhase section */
		AC3D346922F9799B00449249 /* Frameworks */ = {
			isa = PBXFrameworksBuildPhase;
			buildActionMask = 2147483647;
			files = (
			);
			runOnlyForDeploymentPostprocessing = 0;
		};
		AC3D347D22F9799C00449249 /* Frameworks */ = {
			isa = PBXFrameworksBuildPhase;
			buildActionMask = 2147483647;
			files = (
			);
			runOnlyForDeploymentPostprocessing = 0;
		};
		AC3D348822F9799C00449249 /* Frameworks */ = {
			isa = PBXFrameworksBuildPhase;
			buildActionMask = 2147483647;
			files = (
			);
			runOnlyForDeploymentPostprocessing = 0;
		};
/* End PBXFrameworksBuildPhase section */

/* Begin PBXGroup section */
		AC3D346322F9799B00449249 = {
			isa = PBXGroup;
			children = (
				AC3D346E22F9799B00449249 /* URLBuilder */,
				AC3D348322F9799C00449249 /* URLBuilderTests */,
				AC3D348E22F9799C00449249 /* URLBuilderUITests */,
				AC3D346D22F9799B00449249 /* Products */,
			);
			sourceTree = "<group>";
		};
		AC3D346D22F9799B00449249 /* Products */ = {
			isa = PBXGroup;
			children = (
				AC3D346C22F9799B00449249 /* URLBuilder.app */,
				AC3D348022F9799C00449249 /* URLBuilderTests.xctest */,
				AC3D348B22F9799C00449249 /* URLBuilderUITests.xctest */,
			);
			name = Products;
			sourceTree = "<group>";
		};
		AC3D346E22F9799B00449249 /* URLBuilder */ = {
			isa = PBXGroup;
			children = (
				AC3D346F22F9799B00449249 /* AppDelegate.swift */,
				AC3D347122F9799B00449249 /* ViewController.swift */,
				AC3D347322F9799B00449249 /* Main.storyboard */,
				AC3D347622F9799C00449249 /* Assets.xcassets */,
				AC3D347822F9799C00449249 /* LaunchScreen.storyboard */,
				AC3D347B22F9799C00449249 /* Info.plist */,
			);
			path = URLBuilder;
			sourceTree = "<group>";
		};
		AC3D348322F9799C00449249 /* URLBuilderTests */ = {
			isa = PBXGroup;
			children = (
				AC3D348422F9799C00449249 /* URLBuilderTests.swift */,
				AC3D348622F9799C00449249 /* Info.plist */,
			);
			path = URLBuilderTests;
			sourceTree = "<group>";
		};
		AC3D348E22F9799C00449249 /* URLBuilderUITests */ = {
			isa = PBXGroup;
			children = (
				AC3D348F22F9799C00449249 /* URLBuilderUITests.swift */,
				AC3D349122F9799C00449249 /* Info.plist */,
			);
			path = URLBuilderUITests;
			sourceTree = "<group>";
		};
/* End PBXGroup section */

/* Begin PBXNativeTarget section */
		AC3D346B22F9799B00449249 /* URLBuilder */ = {
			isa = PBXNativeTarget;
			buildConfigurationList = AC3D349422F9799C00449249 /* Build configuration list for PBXNativeTarget "URLBuilder" */;
			buildPhases = (
				AC3D346822F9799B00449249 /* Sources */,
				AC3D346922F9799B00449249 /* Frameworks */,
				AC3D346A22F9799B00449249 /* Resources */,
			);
			buildRules = (
			);
			dependencies = (
			);
			name = URLBuilder;
			productName = URLBuilder;
			productReference = AC3D346C22F9799B00449249 /* URLBuilder.app */;
			productType = "com.apple.product-type.application";
		};
		AC3D347F22F9799C00449249 /* URLBuilderTests */ = {
			isa = PBXNativeTarget;
			buildConfigurationList = AC3D349722F9799C00449249 /* Build configuration list for PBXNativeTarget "URLBuilderTests" */;
			buildPhases = (
				AC3D347C22F9799C00449249 /* Sources */,
				AC3D347D22F9799C00449249 /* Frameworks */,
				AC3D347E22F9799C00449249 /* Resources */,
			);
			buildRules = (
			);
			dependencies = (
				AC3D348222F9799C00449249 /* PBXTargetDependency */,
			);
			name = URLBuilderTests;
			productName = URLBuilderTests;
			productReference = AC3D348022F9799C00449249 /* URLBuilderTests.xctest */;
			productType = "com.apple.product-type.bundle.unit-test";
		};
		AC3D348A22F9799C00449249 /* URLBuilderUITests */ = {
			isa = PBXNativeTarget;
			buildConfigurationList = AC3D349A22F9799C00449249 /* Build configuration list for PBXNativeTarget "URLBuilderUITests" */;
			buildPhases = (
				AC3D348722F9799C00449249 /* Sources */,
				AC3D348822F9799C00449249 /* Frameworks */,
				AC3D348922F9799C00449249 /* Resources */,
			);
			buildRules = (
			);
			dependencies = (
				AC3D348D22F9799C00449249 /* PBXTargetDependency */,
			);
			name = URLBuilderUITests;
			productName = URLBuilderUITests;
			productReference = AC3D348B22F9799C00449249 /* URLBuilderUITests.xctest */;
			productType = "com.apple.product-type.bundle.ui-testing";
		};
/* End PBXNativeTarget section */

/* Begin PBXProject section */
		AC3D346422F9799B00449249 /* Project object */ = {
			isa = PBXProject;
			attributes = {
				LastSwiftUpdateCheck = 1020;
				LastUpgradeCheck = 1020;
				ORGANIZATIONNAME = "Frank van Boheemen";
				TargetAttributes = {
					AC3D346B22F9799B00449249 = {
						CreatedOnToolsVersion = 10.2.1;
					};
					AC3D347F22F9799C00449249 = {
						CreatedOnToolsVersion = 10.2.1;
						TestTargetID = AC3D346B22F9799B00449249;
					};
					AC3D348A22F9799C00449249 = {
						CreatedOnToolsVersion = 10.2.1;
						TestTargetID = AC3D346B22F9799B00449249;
					};
				};
			};
			buildConfigurationList = AC3D346722F9799B00449249 /* Build configuration list for PBXProject "URLBuilder" */;
			compatibilityVersion = "Xcode 9.3";
			developmentRegion = en;
			hasScannedForEncodings = 0;
			knownRegions = (
				en,
				Base,
			);
			mainGroup = AC3D346322F9799B00449249;
			productRefGroup = AC3D346D22F9799B00449249 /* Products */;
			projectDirPath = "";
			projectRoot = "";
			targets = (
				AC3D346B22F9799B00449249 /* URLBuilder */,
				AC3D347F22F9799C00449249 /* URLBuilderTests */,
				AC3D348A22F9799C00449249 /* URLBuilderUITests */,
			);
		};
/* End PBXProject section */

/* Begin PBXResourcesBuildPhase section */
		AC3D346A22F9799B00449249 /* Resources */ = {
			isa = PBXResourcesBuildPhase;
			buildActionMask = 2147483647;
			files = (
				AC3D347A22F9799C00449249 /* LaunchScreen.storyboard in Resources */,
				AC3D347722F9799C00449249 /* Assets.xcassets in Resources */,
				AC3D347522F9799B00449249 /* Main.storyboard in Resources */,
			);
			runOnlyForDeploymentPostprocessing = 0;
		};
		AC3D347E22F9799C00449249 /* Resources */ = {
			isa = PBXResourcesBuildPhase;
			buildActionMask = 2147483647;
			files = (
			);
			runOnlyForDeploymentPostprocessing = 0;
		};
		AC3D348922F9799C00449249 /* Resources */ = {
			isa = PBXResourcesBuildPhase;
			buildActionMask = 2147483647;
			files = (
			);
			runOnlyForDeploymentPostprocessing = 0;
		};
/* End PBXResourcesBuildPhase section */

/* Begin PBXSourcesBuildPhase section */
		AC3D346822F9799B00449249 /* Sources */ = {
			isa = PBXSourcesBuildPhase;
			buildActionMask = 2147483647;
			files = (
				AC3D347222F9799B00449249 /* ViewController.swift in Sources */,
				AC3D347022F9799B00449249 /* AppDelegate.swift in Sources */,
			);
			runOnlyForDeploymentPostprocessing = 0;
		};
		AC3D347C22F9799C00449249 /* Sources */ = {
			isa = PBXSourcesBuildPhase;
			buildActionMask = 2147483647;
			files = (
				AC3D348522F9799C00449249 /* URLBuilderTests.swift in Sources */,
			);
			runOnlyForDeploymentPostprocessing = 0;
		};
		AC3D348722F9799C00449249 /* Sources */ = {
			isa = PBXSourcesBuildPhase;
			buildActionMask = 2147483647;
			files = (
				AC3D349022F9799C00449249 /* URLBuilderUITests.swift in Sources */,
			);
			runOnlyForDeploymentPostprocessing = 0;
		};
/* End PBXSourcesBuildPhase section */

/* Begin PBXTargetDependency section */
		AC3D348222F9799C00449249 /* PBXTargetDependency */ = {
			isa = PBXTargetDependency;
			target = AC3D346B22F9799B00449249 /* URLBuilder */;
			targetProxy = AC3D348122F9799C00449249 /* PBXContainerItemProxy */;
		};
		AC3D348D22F9799C00449249 /* PBXTargetDependency */ = {
			isa = PBXTargetDependency;
			target = AC3D346B22F9799B00449249 /* URLBuilder */;
			targetProxy = AC3D348C22F9799C00449249 /* PBXContainerItemProxy */;
		};
/* End PBXTargetDependency section */

/* Begin PBXVariantGroup section */
		AC3D347322F9799B00449249 /* Main.storyboard */ = {
			isa = PBXVariantGroup;
			children = (
				AC3D347422F9799B00449249 /* Base */,
			);
			name = Main.storyboard;
			sourceTree = "<group>";
		};
		AC3D347822F9799C00449249 /* LaunchScreen.storyboard */ = {
			isa = PBXVariantGroup;
			children = (
				AC3D347922F9799C00449249 /* Base */,
			);
			name = LaunchScreen.storyboard;
			sourceTree = "<group>";
		};
/* End PBXVariantGroup section */

/* Begin XCBuildConfiguration section */
		AC3D349222F9799C00449249 /* Debug */ = {
			isa = XCBuildConfiguration;
			buildSettings = {
				ALWAYS_SEARCH_USER_PATHS = NO;
				CLANG_ANALYZER_NONNULL = YES;
				CLANG_ANALYZER_NUMBER_OBJECT_CONVERSION = YES_AGGRESSIVE;
				CLANG_CXX_LANGUAGE_STANDARD = "gnu++14";
				CLANG_CXX_LIBRARY = "libc++";
				CLANG_ENABLE_MODULES = YES;
				CLANG_ENABLE_OBJC_ARC = YES;
				CLANG_ENABLE_OBJC_WEAK = YES;
				CLANG_WARN_BLOCK_CAPTURE_AUTORELEASING = YES;
				CLANG_WARN_BOOL_CONVERSION = YES;
				CLANG_WARN_COMMA = YES;
				CLANG_WARN_CONSTANT_CONVERSION = YES;
				CLANG_WARN_DEPRECATED_OBJC_IMPLEMENTATIONS = YES;
				CLANG_WARN_DIRECT_OBJC_ISA_USAGE = YES_ERROR;
				CLANG_WARN_DOCUMENTATION_COMMENTS = YES;
				CLANG_WARN_EMPTY_BODY = YES;
				CLANG_WARN_ENUM_CONVERSION = YES;
				CLANG_WARN_INFINITE_RECURSION = YES;
				CLANG_WARN_INT_CONVERSION = YES;
				CLANG_WARN_NON_LITERAL_NULL_CONVERSION = YES;
				CLANG_WARN_OBJC_IMPLICIT_RETAIN_SELF = YES;
				CLANG_WARN_OBJC_LITERAL_CONVERSION = YES;
				CLANG_WARN_OBJC_ROOT_CLASS = YES_ERROR;
				CLANG_WARN_RANGE_LOOP_ANALYSIS = YES;
				CLANG_WARN_STRICT_PROTOTYPES = YES;
				CLANG_WARN_SUSPICIOUS_MOVE = YES;
				CLANG_WARN_UNGUARDED_AVAILABILITY = YES_AGGRESSIVE;
				CLANG_WARN_UNREACHABLE_CODE = YES;
				CLANG_WARN__DUPLICATE_METHOD_MATCH = YES;
				CODE_SIGN_IDENTITY = "iPhone Developer";
				COPY_PHASE_STRIP = NO;
				DEBUG_INFORMATION_FORMAT = dwarf;
				ENABLE_STRICT_OBJC_MSGSEND = YES;
				ENABLE_TESTABILITY = YES;
				GCC_C_LANGUAGE_STANDARD = gnu11;
				GCC_DYNAMIC_NO_PIC = NO;
				GCC_NO_COMMON_BLOCKS = YES;
				GCC_OPTIMIZATION_LEVEL = 0;
				GCC_PREPROCESSOR_DEFINITIONS = (
					"DEBUG=1",
					"$(inherited)",
				);
				GCC_WARN_64_TO_32_BIT_CONVERSION = YES;
				GCC_WARN_ABOUT_RETURN_TYPE = YES_ERROR;
				GCC_WARN_UNDECLARED_SELECTOR = YES;
				GCC_WARN_UNINITIALIZED_AUTOS = YES_AGGRESSIVE;
				GCC_WARN_UNUSED_FUNCTION = YES;
				GCC_WARN_UNUSED_VARIABLE = YES;
				IPHONEOS_DEPLOYMENT_TARGET = 12.2;
				MTL_ENABLE_DEBUG_INFO = INCLUDE_SOURCE;
				MTL_FAST_MATH = YES;
				ONLY_ACTIVE_ARCH = YES;
				SDKROOT = iphoneos;
				SWIFT_ACTIVE_COMPILATION_CONDITIONS = DEBUG;
				SWIFT_OPTIMIZATION_LEVEL = "-Onone";
			};
			name = Debug;
		};
		AC3D349322F9799C00449249 /* Release */ = {
			isa = XCBuildConfiguration;
			buildSettings = {
				ALWAYS_SEARCH_USER_PATHS = NO;
				CLANG_ANALYZER_NONNULL = YES;
				CLANG_ANALYZER_NUMBER_OBJECT_CONVERSION = YES_AGGRESSIVE;
				CLANG_CXX_LANGUAGE_STANDARD = "gnu++14";
				CLANG_CXX_LIBRARY = "libc++";
				CLANG_ENABLE_MODULES = YES;
				CLANG_ENABLE_OBJC_ARC = YES;
				CLANG_ENABLE_OBJC_WEAK = YES;
				CLANG_WARN_BLOCK_CAPTURE_AUTORELEASING = YES;
				CLANG_WARN_BOOL_CONVERSION = YES;
				CLANG_WARN_COMMA = YES;
				CLANG_WARN_CONSTANT_CONVERSION = YES;
				CLANG_WARN_DEPRECATED_OBJC_IMPLEMENTATIONS = YES;
				CLANG_WARN_DIRECT_OBJC_ISA_USAGE = YES_ERROR;
				CLANG_WARN_DOCUMENTATION_COMMENTS = YES;
				CLANG_WARN_EMPTY_BODY = YES;
				CLANG_WARN_ENUM_CONVERSION = YES;
				CLANG_WARN_INFINITE_RECURSION = YES;
				CLANG_WARN_INT_CONVERSION = YES;
				CLANG_WARN_NON_LITERAL_NULL_CONVERSION = YES;
				CLANG_WARN_OBJC_IMPLICIT_RETAIN_SELF = YES;
				CLANG_WARN_OBJC_LITERAL_CONVERSION = YES;
				CLANG_WARN_OBJC_ROOT_CLASS = YES_ERROR;
				CLANG_WARN_RANGE_LOOP_ANALYSIS = YES;
				CLANG_WARN_STRICT_PROTOTYPES = YES;
				CLANG_WARN_SUSPICIOUS_MOVE = YES;
				CLANG_WARN_UNGUARDED_AVAILABILITY = YES_AGGRESSIVE;
				CLANG_WARN_UNREACHABLE_CODE = YES;
				CLANG_WARN__DUPLICATE_METHOD_MATCH = YES;
				CODE_SIGN_IDENTITY = "iPhone Developer";
				COPY_PHASE_STRIP = NO;
				DEBUG_INFORMATION_FORMAT = "dwarf-with-dsym";
				ENABLE_NS_ASSERTIONS = NO;
				ENABLE_STRICT_OBJC_MSGSEND = YES;
				GCC_C_LANGUAGE_STANDARD = gnu11;
				GCC_NO_COMMON_BLOCKS = YES;
				GCC_WARN_64_TO_32_BIT_CONVERSION = YES;
				GCC_WARN_ABOUT_RETURN_TYPE = YES_ERROR;
				GCC_WARN_UNDECLARED_SELECTOR = YES;
				GCC_WARN_UNINITIALIZED_AUTOS = YES_AGGRESSIVE;
				GCC_WARN_UNUSED_FUNCTION = YES;
				GCC_WARN_UNUSED_VARIABLE = YES;
				IPHONEOS_DEPLOYMENT_TARGET = 12.2;
				MTL_ENABLE_DEBUG_INFO = NO;
				MTL_FAST_MATH = YES;
				SDKROOT = iphoneos;
				SWIFT_COMPILATION_MODE = wholemodule;
				SWIFT_OPTIMIZATION_LEVEL = "-O";
				VALIDATE_PRODUCT = YES;
			};
			name = Release;
		};
		AC3D349522F9799C00449249 /* Debug */ = {
			isa = XCBuildConfiguration;
			buildSettings = {
				ASSETCATALOG_COMPILER_APPICON_NAME = AppIcon;
				CODE_SIGN_STYLE = Automatic;
				DEVELOPMENT_TEAM = L695Y8XJX3;
				INFOPLIST_FILE = URLBuilder/Info.plist;
				LD_RUNPATH_SEARCH_PATHS = (
					"$(inherited)",
					"@executable_path/Frameworks",
				);
				PRODUCT_BUNDLE_IDENTIFIER = com.URLBuilder;
				PRODUCT_NAME = "$(TARGET_NAME)";
				SWIFT_VERSION = 5.0;
				TARGETED_DEVICE_FAMILY = "1,2";
			};
			name = Debug;
		};
		AC3D349622F9799C00449249 /* Release */ = {
			isa = XCBuildConfiguration;
			buildSettings = {
				ASSETCATALOG_COMPILER_APPICON_NAME = AppIcon;
				CODE_SIGN_STYLE = Automatic;
				DEVELOPMENT_TEAM = L695Y8XJX3;
				INFOPLIST_FILE = URLBuilder/Info.plist;
				LD_RUNPATH_SEARCH_PATHS = (
					"$(inherited)",
					"@executable_path/Frameworks",
				);
				PRODUCT_BUNDLE_IDENTIFIER = com.URLBuilder;
				PRODUCT_NAME = "$(TARGET_NAME)";
				SWIFT_VERSION = 5.0;
				TARGETED_DEVICE_FAMILY = "1,2";
			};
			name = Release;
		};
		AC3D349822F9799C00449249 /* Debug */ = {
			isa = XCBuildConfiguration;
			buildSettings = {
				ALWAYS_EMBED_SWIFT_STANDARD_LIBRARIES = YES;
				BUNDLE_LOADER = "$(TEST_HOST)";
				CODE_SIGN_STYLE = Automatic;
				DEVELOPMENT_TEAM = L695Y8XJX3;
				INFOPLIST_FILE = URLBuilderTests/Info.plist;
				LD_RUNPATH_SEARCH_PATHS = (
					"$(inherited)",
					"@executable_path/Frameworks",
					"@loader_path/Frameworks",
				);
				PRODUCT_BUNDLE_IDENTIFIER = com.URLBuilderTests;
				PRODUCT_NAME = "$(TARGET_NAME)";
				SWIFT_VERSION = 5.0;
				TARGETED_DEVICE_FAMILY = "1,2";
				TEST_HOST = "$(BUILT_PRODUCTS_DIR)/URLBuilder.app/URLBuilder";
			};
			name = Debug;
		};
		AC3D349922F9799C00449249 /* Release */ = {
			isa = XCBuildConfiguration;
			buildSettings = {
				ALWAYS_EMBED_SWIFT_STANDARD_LIBRARIES = YES;
				BUNDLE_LOADER = "$(TEST_HOST)";
				CODE_SIGN_STYLE = Automatic;
				DEVELOPMENT_TEAM = L695Y8XJX3;
				INFOPLIST_FILE = URLBuilderTests/Info.plist;
				LD_RUNPATH_SEARCH_PATHS = (
					"$(inherited)",
					"@executable_path/Frameworks",
					"@loader_path/Frameworks",
				);
				PRODUCT_BUNDLE_IDENTIFIER = com.URLBuilderTests;
				PRODUCT_NAME = "$(TARGET_NAME)";
				SWIFT_VERSION = 5.0;
				TARGETED_DEVICE_FAMILY = "1,2";
				TEST_HOST = "$(BUILT_PRODUCTS_DIR)/URLBuilder.app/URLBuilder";
			};
			name = Release;
		};
		AC3D349B22F9799C00449249 /* Debug */ = {
			isa = XCBuildConfiguration;
			buildSettings = {
				ALWAYS_EMBED_SWIFT_STANDARD_LIBRARIES = YES;
				CODE_SIGN_STYLE = Automatic;
				DEVELOPMENT_TEAM = L695Y8XJX3;
				INFOPLIST_FILE = URLBuilderUITests/Info.plist;
				LD_RUNPATH_SEARCH_PATHS = (
					"$(inherited)",
					"@executable_path/Frameworks",
					"@loader_path/Frameworks",
				);
				PRODUCT_BUNDLE_IDENTIFIER = com.URLBuilderUITests;
				PRODUCT_NAME = "$(TARGET_NAME)";
				SWIFT_VERSION = 5.0;
				TARGETED_DEVICE_FAMILY = "1,2";
				TEST_TARGET_NAME = URLBuilder;
			};
			name = Debug;
		};
		AC3D349C22F9799C00449249 /* Release */ = {
			isa = XCBuildConfiguration;
			buildSettings = {
				ALWAYS_EMBED_SWIFT_STANDARD_LIBRARIES = YES;
				CODE_SIGN_STYLE = Automatic;
				DEVELOPMENT_TEAM = L695Y8XJX3;
				INFOPLIST_FILE = URLBuilderUITests/Info.plist;
				LD_RUNPATH_SEARCH_PATHS = (
					"$(inherited)",
					"@executable_path/Frameworks",
					"@loader_path/Frameworks",
				);
				PRODUCT_BUNDLE_IDENTIFIER = com.URLBuilderUITests;
				PRODUCT_NAME = "$(TARGET_NAME)";
				SWIFT_VERSION = 5.0;
				TARGETED_DEVICE_FAMILY = "1,2";
				TEST_TARGET_NAME = URLBuilder;
			};
			name = Release;
		};
/* End XCBuildConfiguration section */

/* Begin XCConfigurationList section */
		AC3D346722F9799B00449249 /* Build configuration list for PBXProject "URLBuilder" */ = {
			isa = XCConfigurationList;
			buildConfigurations = (
				AC3D349222F9799C00449249 /* Debug */,
				AC3D349322F9799C00449249 /* Release */,
			);
			defaultConfigurationIsVisible = 0;
			defaultConfigurationName = Release;
		};
		AC3D349422F9799C00449249 /* Build configuration list for PBXNativeTarget "URLBuilder" */ = {
			isa = XCConfigurationList;
			buildConfigurations = (
				AC3D349522F9799C00449249 /* Debug */,
				AC3D349622F9799C00449249 /* Release */,
			);
			defaultConfigurationIsVisible = 0;
			defaultConfigurationName = Release;
		};
		AC3D349722F9799C00449249 /* Build configuration list for PBXNativeTarget "URLBuilderTests" */ = {
			isa = XCConfigurationList;
			buildConfigurations = (
				AC3D349822F9799C00449249 /* Debug */,
				AC3D349922F9799C00449249 /* Release */,
			);
			defaultConfigurationIsVisible = 0;
			defaultConfigurationName = Release;
		};
		AC3D349A22F9799C00449249 /* Build configuration list for PBXNativeTarget "URLBuilderUITests" */ = {
			isa = XCConfigurationList;
			buildConfigurations = (
				AC3D349B22F9799C00449249 /* Debug */,
				AC3D349C22F9799C00449249 /* Release */,
			);
			defaultConfigurationIsVisible = 0;
			defaultConfigurationName = Release;
		};
/* End XCConfigurationList section */
	};
	rootObject = AC3D346422F9799B00449249 /* Project object */;
}
